
Microsoft Visual Studio Solution File, Format Version 12.00
# Visual Studio Version 16
VisualStudioVersion = 16.0.31624.102
MinimumVisualStudioVersion = 10.0.40219.1
Project("{00D1A9C2-B5F0-4AF3-8072-F6C62B433612}") = "Database", "Database\Database.sqlproj", "{3B3C0F03-E482-4CAE-A8F0-60059F4C4ABF}"
EndProject
Project("{FAE04EC0-301F-11D3-BF4B-00C04F79EFBC}") = "WebApp", "WebApp\WebApp.csproj", "{B0B1C5F6-2E9E-42C0-BB50-1A9A943852E8}"
EndProject
Global
	GlobalSection(SolutionConfigurationPlatforms) = preSolution
		Debug|Any CPU = Debug|Any CPU
		Release|Any CPU = Release|Any CPU
	EndGlobalSection
	GlobalSection(ProjectConfigurationPlatforms) = postSolution
		{3B3C0F03-E482-4CAE-A8F0-60059F4C4ABF}.Debug|Any CPU.ActiveCfg = Debug|Any CPU
		{3B3C0F03-E482-4CAE-A8F0-60059F4C4ABF}.Debug|Any CPU.Build.0 = Debug|Any CPU
		{3B3C0F03-E482-4CAE-A8F0-60059F4C4ABF}.Debug|Any CPU.Deploy.0 = Debug|Any CPU
		{3B3C0F03-E482-4CAE-A8F0-60059F4C4ABF}.Release|Any CPU.ActiveCfg = Release|Any CPU
		{3B3C0F03-E482-4CAE-A8F0-60059F4C4ABF}.Release|Any CPU.Build.0 = Release|Any CPU
		{3B3C0F03-E482-4CAE-A8F0-60059F4C4ABF}.Release|Any CPU.Deploy.0 = Release|Any CPU
		{B0B1C5F6-2E9E-42C0-BB50-1A9A943852E8}.Debug|Any CPU.ActiveCfg = Debug|Any CPU
		{B0B1C5F6-2E9E-42C0-BB50-1A9A943852E8}.Debug|Any CPU.Build.0 = Debug|Any CPU
		{B0B1C5F6-2E9E-42C0-BB50-1A9A943852E8}.Release|Any CPU.ActiveCfg = Release|Any CPU
		{B0B1C5F6-2E9E-42C0-BB50-1A9A943852E8}.Release|Any CPU.Build.0 = Release|Any CPU
	EndGlobalSection
	GlobalSection(SolutionProperties) = preSolution
		HideSolutionNode = FALSE
	EndGlobalSection
	GlobalSection(ExtensibilityGlobals) = postSolution
		SolutionGuid = {BCB0844C-4ACA-4ADE-922A-C36BBAFF5E6B}
	EndGlobalSection
EndGlobal
